
Microsoft Visual Studio Solution File, Format Version 12.00
# Visual Studio 15
VisualStudioVersion = 15.0.27703.2026
MinimumVisualStudioVersion = 10.0.40219.1
Project("{9A19103F-16F7-4668-BE54-9A1E7A4F7556}") = "Fitness.WebApi", "Fitness.WebApi\Fitness.WebApi.csproj", "{5AF6474A-DA8B-4E3A-85E1-7CCD310568C9}"
EndProject
Project("{9A19103F-16F7-4668-BE54-9A1E7A4F7556}") = "Fitness.DataModels", "Fitness.DataModels\Fitness.DataModels.csproj", "{584B1D5E-2E9C-4929-9D35-D49861B3F0C0}"
EndProject
Project("{FAE04EC0-301F-11D3-BF4B-00C04F79EFBC}") = "Fitness.AndroidApp", "Fitness.AndroidApp\Fitness.AndroidApp.csproj", "{3BC0AC7E-3B3B-4D3F-9CC0-B2BDECC460A6}"
EndProject
Project("{FAE04EC0-301F-11D3-BF4B-00C04F79EFBC}") = "Fitness.Core", "Fitness.Core\Fitness.Core.csproj", "{8C2BD847-D2F3-4C5F-8974-1A3C4067698D}"
EndProject
Project("{FAE04EC0-301F-11D3-BF4B-00C04F79EFBC}") = "Fitness.IosApp", "Fitness.IosApp\Fitness.IosApp.csproj", "{80A96B52-6758-4BDB-B0B4-CEA4CA155C60}"
EndProject
Project("{FAE04EC0-301F-11D3-BF4B-00C04F79EFBC}") = "Fitness.WebApp", "Fitness.WebApp\Fitness.WebApp.csproj", "{01CE539D-4652-4EA1-97C1-0E74DE87B9C8}"
EndProject
Project("{00D1A9C2-B5F0-4AF3-8072-F6C62B433612}") = "Fitness.Database", "Fitness.Database\Fitness.Database.sqlproj", "{309BC759-727C-46C1-835C-4BE1F3A6BC5B}"
EndProject
Project("{2150E333-8FDC-42A3-9474-1A3956D46DE8}") = "Database", "Database", "{394F6E25-9983-47D0-8104-EE36871321C6}"
EndProject
Project("{2150E333-8FDC-42A3-9474-1A3956D46DE8}") = "Mobile", "Mobile", "{32604EA8-D02F-4752-8688-3A10881FFCBC}"
EndProject
Project("{2150E333-8FDC-42A3-9474-1A3956D46DE8}") = "Api", "Api", "{CA8E9AB6-9416-4659-83B8-CD20A6B81E69}"
EndProject
Project("{2150E333-8FDC-42A3-9474-1A3956D46DE8}") = "AdminPannel", "AdminPannel", "{13EB5FB7-DA4B-4EA8-AA0C-A41D25ACB8E7}"
EndProject
Project("{2150E333-8FDC-42A3-9474-1A3956D46DE8}") = "DataModels", "DataModels", "{D5534461-130C-4DA4-91D3-0CD72805EFBC}"
EndProject
Project("{2150E333-8FDC-42A3-9474-1A3956D46DE8}") = "Common", "Common", "{A480A094-9CAE-41E1-89C7-6D7B8D0D9553}"
EndProject
Global
	GlobalSection(SolutionConfigurationPlatforms) = preSolution
		Debug|Any CPU = Debug|Any CPU
		Debug|iPhone = Debug|iPhone
		Debug|iPhoneSimulator = Debug|iPhoneSimulator
		Release|Any CPU = Release|Any CPU
		Release|iPhone = Release|iPhone
		Release|iPhoneSimulator = Release|iPhoneSimulator
	EndGlobalSection
	GlobalSection(ProjectConfigurationPlatforms) = postSolution
		{5AF6474A-DA8B-4E3A-85E1-7CCD310568C9}.Debug|Any CPU.ActiveCfg = Debug|Any CPU
		{5AF6474A-DA8B-4E3A-85E1-7CCD310568C9}.Debug|Any CPU.Build.0 = Debug|Any CPU
		{5AF6474A-DA8B-4E3A-85E1-7CCD310568C9}.Debug|iPhone.ActiveCfg = Debug|Any CPU
		{5AF6474A-DA8B-4E3A-85E1-7CCD310568C9}.Debug|iPhone.Build.0 = Debug|Any CPU
		{5AF6474A-DA8B-4E3A-85E1-7CCD310568C9}.Debug|iPhoneSimulator.ActiveCfg = Debug|Any CPU
		{5AF6474A-DA8B-4E3A-85E1-7CCD310568C9}.Debug|iPhoneSimulator.Build.0 = Debug|Any CPU
		{5AF6474A-DA8B-4E3A-85E1-7CCD310568C9}.Release|Any CPU.ActiveCfg = Release|Any CPU
		{5AF6474A-DA8B-4E3A-85E1-7CCD310568C9}.Release|Any CPU.Build.0 = Release|Any CPU
		{5AF6474A-DA8B-4E3A-85E1-7CCD310568C9}.Release|iPhone.ActiveCfg = Release|Any CPU
		{5AF6474A-DA8B-4E3A-85E1-7CCD310568C9}.Release|iPhone.Build.0 = Release|Any CPU
		{5AF6474A-DA8B-4E3A-85E1-7CCD310568C9}.Release|iPhoneSimulator.ActiveCfg = Release|Any CPU
		{5AF6474A-DA8B-4E3A-85E1-7CCD310568C9}.Release|iPhoneSimulator.Build.0 = Release|Any CPU
		{584B1D5E-2E9C-4929-9D35-D49861B3F0C0}.Debug|Any CPU.ActiveCfg = Debug|Any CPU
		{584B1D5E-2E9C-4929-9D35-D49861B3F0C0}.Debug|Any CPU.Build.0 = Debug|Any CPU
		{584B1D5E-2E9C-4929-9D35-D49861B3F0C0}.Debug|iPhone.ActiveCfg = Debug|Any CPU
		{584B1D5E-2E9C-4929-9D35-D49861B3F0C0}.Debug|iPhone.Build.0 = Debug|Any CPU
		{584B1D5E-2E9C-4929-9D35-D49861B3F0C0}.Debug|iPhoneSimulator.ActiveCfg = Debug|Any CPU
		{584B1D5E-2E9C-4929-9D35-D49861B3F0C0}.Debug|iPhoneSimulator.Build.0 = Debug|Any CPU
		{584B1D5E-2E9C-4929-9D35-D49861B3F0C0}.Release|Any CPU.ActiveCfg = Release|Any CPU
		{584B1D5E-2E9C-4929-9D35-D49861B3F0C0}.Release|Any CPU.Build.0 = Release|Any CPU
		{584B1D5E-2E9C-4929-9D35-D49861B3F0C0}.Release|iPhone.ActiveCfg = Release|Any CPU
		{584B1D5E-2E9C-4929-9D35-D49861B3F0C0}.Release|iPhone.Build.0 = Release|Any CPU
		{584B1D5E-2E9C-4929-9D35-D49861B3F0C0}.Release|iPhoneSimulator.ActiveCfg = Release|Any CPU
		{584B1D5E-2E9C-4929-9D35-D49861B3F0C0}.Release|iPhoneSimulator.Build.0 = Release|Any CPU
		{3BC0AC7E-3B3B-4D3F-9CC0-B2BDECC460A6}.Debug|Any CPU.ActiveCfg = Debug|Any CPU
		{3BC0AC7E-3B3B-4D3F-9CC0-B2BDECC460A6}.Debug|Any CPU.Build.0 = Debug|Any CPU
		{3BC0AC7E-3B3B-4D3F-9CC0-B2BDECC460A6}.Debug|Any CPU.Deploy.0 = Debug|Any CPU
		{3BC0AC7E-3B3B-4D3F-9CC0-B2BDECC460A6}.Debug|iPhone.ActiveCfg = Debug|Any CPU
		{3BC0AC7E-3B3B-4D3F-9CC0-B2BDECC460A6}.Debug|iPhone.Build.0 = Debug|Any CPU
		{3BC0AC7E-3B3B-4D3F-9CC0-B2BDECC460A6}.Debug|iPhone.Deploy.0 = Debug|Any CPU
		{3BC0AC7E-3B3B-4D3F-9CC0-B2BDECC460A6}.Debug|iPhoneSimulator.ActiveCfg = Debug|Any CPU
		{3BC0AC7E-3B3B-4D3F-9CC0-B2BDECC460A6}.Debug|iPhoneSimulator.Build.0 = Debug|Any CPU
		{3BC0AC7E-3B3B-4D3F-9CC0-B2BDECC460A6}.Debug|iPhoneSimulator.Deploy.0 = Debug|Any CPU
		{3BC0AC7E-3B3B-4D3F-9CC0-B2BDECC460A6}.Release|Any CPU.ActiveCfg = Release|Any CPU
		{3BC0AC7E-3B3B-4D3F-9CC0-B2BDECC460A6}.Release|Any CPU.Build.0 = Release|Any CPU
		{3BC0AC7E-3B3B-4D3F-9CC0-B2BDECC460A6}.Release|Any CPU.Deploy.0 = Release|Any CPU
		{3BC0AC7E-3B3B-4D3F-9CC0-B2BDECC460A6}.Release|iPhone.ActiveCfg = Release|Any CPU
		{3BC0AC7E-3B3B-4D3F-9CC0-B2BDECC460A6}.Release|iPhone.Build.0 = Release|Any CPU
		{3BC0AC7E-3B3B-4D3F-9CC0-B2BDECC460A6}.Release|iPhone.Deploy.0 = Release|Any CPU
		{3BC0AC7E-3B3B-4D3F-9CC0-B2BDECC460A6}.Release|iPhoneSimulator.ActiveCfg = Release|Any CPU
		{3BC0AC7E-3B3B-4D3F-9CC0-B2BDECC460A6}.Release|iPhoneSimulator.Build.0 = Release|Any CPU
		{3BC0AC7E-3B3B-4D3F-9CC0-B2BDECC460A6}.Release|iPhoneSimulator.Deploy.0 = Release|Any CPU
		{8C2BD847-D2F3-4C5F-8974-1A3C4067698D}.Debug|Any CPU.ActiveCfg = Debug|Any CPU
		{8C2BD847-D2F3-4C5F-8974-1A3C4067698D}.Debug|Any CPU.Build.0 = Debug|Any CPU
		{8C2BD847-D2F3-4C5F-8974-1A3C4067698D}.Debug|iPhone.ActiveCfg = Debug|Any CPU
		{8C2BD847-D2F3-4C5F-8974-1A3C4067698D}.Debug|iPhone.Build.0 = Debug|Any CPU
		{8C2BD847-D2F3-4C5F-8974-1A3C4067698D}.Debug|iPhoneSimulator.ActiveCfg = Debug|Any CPU
		{8C2BD847-D2F3-4C5F-8974-1A3C4067698D}.Debug|iPhoneSimulator.Build.0 = Debug|Any CPU
		{8C2BD847-D2F3-4C5F-8974-1A3C4067698D}.Release|Any CPU.ActiveCfg = Release|Any CPU
		{8C2BD847-D2F3-4C5F-8974-1A3C4067698D}.Release|Any CPU.Build.0 = Release|Any CPU
		{8C2BD847-D2F3-4C5F-8974-1A3C4067698D}.Release|iPhone.ActiveCfg = Release|Any CPU
		{8C2BD847-D2F3-4C5F-8974-1A3C4067698D}.Release|iPhone.Build.0 = Release|Any CPU
		{8C2BD847-D2F3-4C5F-8974-1A3C4067698D}.Release|iPhoneSimulator.ActiveCfg = Release|Any CPU
		{8C2BD847-D2F3-4C5F-8974-1A3C4067698D}.Release|iPhoneSimulator.Build.0 = Release|Any CPU
		{80A96B52-6758-4BDB-B0B4-CEA4CA155C60}.Debug|Any CPU.ActiveCfg = Debug|iPhone
		{80A96B52-6758-4BDB-B0B4-CEA4CA155C60}.Debug|iPhone.ActiveCfg = Debug|iPhone
		{80A96B52-6758-4BDB-B0B4-CEA4CA155C60}.Debug|iPhone.Build.0 = Debug|iPhone
		{80A96B52-6758-4BDB-B0B4-CEA4CA155C60}.Debug|iPhoneSimulator.ActiveCfg = Debug|iPhoneSimulator
		{80A96B52-6758-4BDB-B0B4-CEA4CA155C60}.Debug|iPhoneSimulator.Build.0 = Debug|iPhoneSimulator
		{80A96B52-6758-4BDB-B0B4-CEA4CA155C60}.Release|Any CPU.ActiveCfg = Release|iPhone
		{80A96B52-6758-4BDB-B0B4-CEA4CA155C60}.Release|iPhone.ActiveCfg = Release|iPhone
		{80A96B52-6758-4BDB-B0B4-CEA4CA155C60}.Release|iPhone.Build.0 = Release|iPhone
		{80A96B52-6758-4BDB-B0B4-CEA4CA155C60}.Release|iPhoneSimulator.ActiveCfg = Release|iPhoneSimulator
		{80A96B52-6758-4BDB-B0B4-CEA4CA155C60}.Release|iPhoneSimulator.Build.0 = Release|iPhoneSimulator
		{01CE539D-4652-4EA1-97C1-0E74DE87B9C8}.Debug|Any CPU.ActiveCfg = Debug|Any CPU
		{01CE539D-4652-4EA1-97C1-0E74DE87B9C8}.Debug|Any CPU.Build.0 = Debug|Any CPU
		{01CE539D-4652-4EA1-97C1-0E74DE87B9C8}.Debug|iPhone.ActiveCfg = Debug|Any CPU
		{01CE539D-4652-4EA1-97C1-0E74DE87B9C8}.Debug|iPhone.Build.0 = Debug|Any CPU
		{01CE539D-4652-4EA1-97C1-0E74DE87B9C8}.Debug|iPhoneSimulator.ActiveCfg = Debug|Any CPU
		{01CE539D-4652-4EA1-97C1-0E74DE87B9C8}.Debug|iPhoneSimulator.Build.0 = Debug|Any CPU
		{01CE539D-4652-4EA1-97C1-0E74DE87B9C8}.Release|Any CPU.ActiveCfg = Release|Any CPU
		{01CE539D-4652-4EA1-97C1-0E74DE87B9C8}.Release|Any CPU.Build.0 = Release|Any CPU
		{01CE539D-4652-4EA1-97C1-0E74DE87B9C8}.Release|iPhone.ActiveCfg = Release|Any CPU
		{01CE539D-4652-4EA1-97C1-0E74DE87B9C8}.Release|iPhone.Build.0 = Release|Any CPU
		{01CE539D-4652-4EA1-97C1-0E74DE87B9C8}.Release|iPhoneSimulator.ActiveCfg = Release|Any CPU
		{01CE539D-4652-4EA1-97C1-0E74DE87B9C8}.Release|iPhoneSimulator.Build.0 = Release|Any CPU
		{309BC759-727C-46C1-835C-4BE1F3A6BC5B}.Debug|Any CPU.ActiveCfg = Debug|Any CPU
		{309BC759-727C-46C1-835C-4BE1F3A6BC5B}.Debug|Any CPU.Build.0 = Debug|Any CPU
		{309BC759-727C-46C1-835C-4BE1F3A6BC5B}.Debug|Any CPU.Deploy.0 = Debug|Any CPU
		{309BC759-727C-46C1-835C-4BE1F3A6BC5B}.Debug|iPhone.ActiveCfg = Debug|Any CPU
		{309BC759-727C-46C1-835C-4BE1F3A6BC5B}.Debug|iPhone.Build.0 = Debug|Any CPU
		{309BC759-727C-46C1-835C-4BE1F3A6BC5B}.Debug|iPhone.Deploy.0 = Debug|Any CPU
		{309BC759-727C-46C1-835C-4BE1F3A6BC5B}.Debug|iPhoneSimulator.ActiveCfg = Debug|Any CPU
		{309BC759-727C-46C1-835C-4BE1F3A6BC5B}.Debug|iPhoneSimulator.Build.0 = Debug|Any CPU
		{309BC759-727C-46C1-835C-4BE1F3A6BC5B}.Debug|iPhoneSimulator.Deploy.0 = Debug|Any CPU
		{309BC759-727C-46C1-835C-4BE1F3A6BC5B}.Release|Any CPU.ActiveCfg = Release|Any CPU
		{309BC759-727C-46C1-835C-4BE1F3A6BC5B}.Release|Any CPU.Build.0 = Release|Any CPU
		{309BC759-727C-46C1-835C-4BE1F3A6BC5B}.Release|Any CPU.Deploy.0 = Release|Any CPU
		{309BC759-727C-46C1-835C-4BE1F3A6BC5B}.Release|iPhone.ActiveCfg = Release|Any CPU
		{309BC759-727C-46C1-835C-4BE1F3A6BC5B}.Release|iPhone.Build.0 = Release|Any CPU
		{309BC759-727C-46C1-835C-4BE1F3A6BC5B}.Release|iPhone.Deploy.0 = Release|Any CPU
		{309BC759-727C-46C1-835C-4BE1F3A6BC5B}.Release|iPhoneSimulator.ActiveCfg = Release|Any CPU
		{309BC759-727C-46C1-835C-4BE1F3A6BC5B}.Release|iPhoneSimulator.Build.0 = Release|Any CPU
		{309BC759-727C-46C1-835C-4BE1F3A6BC5B}.Release|iPhoneSimulator.Deploy.0 = Release|Any CPU
	EndGlobalSection
	GlobalSection(SolutionProperties) = preSolution
		HideSolutionNode = FALSE
	EndGlobalSection
	GlobalSection(NestedProjects) = preSolution
		{5AF6474A-DA8B-4E3A-85E1-7CCD310568C9} = {CA8E9AB6-9416-4659-83B8-CD20A6B81E69}
		{584B1D5E-2E9C-4929-9D35-D49861B3F0C0} = {D5534461-130C-4DA4-91D3-0CD72805EFBC}
		{3BC0AC7E-3B3B-4D3F-9CC0-B2BDECC460A6} = {32604EA8-D02F-4752-8688-3A10881FFCBC}
		{8C2BD847-D2F3-4C5F-8974-1A3C4067698D} = {A480A094-9CAE-41E1-89C7-6D7B8D0D9553}
		{80A96B52-6758-4BDB-B0B4-CEA4CA155C60} = {32604EA8-D02F-4752-8688-3A10881FFCBC}
		{01CE539D-4652-4EA1-97C1-0E74DE87B9C8} = {13EB5FB7-DA4B-4EA8-AA0C-A41D25ACB8E7}
		{309BC759-727C-46C1-835C-4BE1F3A6BC5B} = {394F6E25-9983-47D0-8104-EE36871321C6}
	EndGlobalSection
	GlobalSection(ExtensibilityGlobals) = postSolution
		SolutionGuid = {B694A621-528F-4321-8C9B-F3367F0D07EF}
	EndGlobalSection
EndGlobal
